
Microsoft Visual Studio Solution File, Format Version 12.00
# Visual Studio Version 16
VisualStudioVersion = 16.0.30114.128
MinimumVisualStudioVersion = 10.0.40219.1
Project("{FAE04EC0-301F-11D3-BF4B-00C04F79EFBC}") = "WpfApp1", "WpfApp1\WpfApp1.csproj", "{395F4389-81F0-4D10-BBCF-AD570D8EC8EA}"
EndProject
Global
	GlobalSection(SolutionConfigurationPlatforms) = preSolution
		Debug|Any CPU = Debug|Any CPU
		Release|Any CPU = Release|Any CPU
	EndGlobalSection
	GlobalSection(ProjectConfigurationPlatforms) = postSolution
		{395F4389-81F0-4D10-BBCF-AD570D8EC8EA}.Debug|Any CPU.ActiveCfg = Debug|Any CPU
		{395F4389-81F0-4D10-BBCF-AD570D8EC8EA}.Debug|Any CPU.Build.0 = Debug|Any CPU
		{395F4389-81F0-4D10-BBCF-AD570D8EC8EA}.Release|Any CPU.ActiveCfg = Release|Any CPU
		{395F4389-81F0-4D10-BBCF-AD570D8EC8EA}.Release|Any CPU.Build.0 = Release|Any CPU
	EndGlobalSection
	GlobalSection(SolutionProperties) = preSolution
		HideSolutionNode = FALSE
	EndGlobalSection
	GlobalSection(ExtensibilityGlobals) = postSolution
		SolutionGuid = {2E10BC25-B4BE-4BB5-A8F9-A1D125CED7AA}
	EndGlobalSection
EndGlobal
